
Microsoft Visual Studio Solution File, Format Version 12.00
# Visual Studio 15
VisualStudioVersion = 15.0.28307.645
MinimumVisualStudioVersion = 10.0.40219.1
Project("{FAE04EC0-301F-11D3-BF4B-00C04F79EFBC}") = "myPhoneClasses", "myPhoneClasses\myPhoneClasses.csproj", "{F11EE6F6-C1B4-4E4E-A29F-9446A75F6D11}"
EndProject
Project("{FAE04EC0-301F-11D3-BF4B-00C04F79EFBC}") = "myPhonesTesting", "myPhonesTesting\myPhonesTesting.csproj", "{7038DAF1-E588-4319-9282-7AB7F7ED31E1}"
EndProject
Project("{9A19103F-16F7-4668-BE54-9A1E7A4F7556}") = "myPhonesFrontOffice", "myPhonesFrontOffice\myPhonesFrontOffice.csproj", "{57EE4CCB-F495-4E8D-B4EF-34053C5D2864}"
EndProject
Project("{FAE04EC0-301F-11D3-BF4B-00C04F79EFBC}") = "myPhonesBackOffice", "myPhonesBackOffice\myPhonesBackOffice.csproj", "{41628DCF-4714-4C12-AC95-7EF07DE35006}"
EndProject
Project("{E24C65DC-7377-472B-9ABA-BC803B73C61A}") = "PhoneForms", "PhoneForms\", "{2A490147-B62C-4366-AC09-EC8DD54A8FCF}"
	ProjectSection(WebsiteProperties) = preProject
		TargetFrameworkMoniker = ".NETFramework,Version%3Dv4.6.1"
		ProjectReferences = "{f11ee6f6-c1b4-4e4e-a29f-9446a75f6d11}|myPhoneClasses.dll;"
		Debug.AspNetCompiler.VirtualPath = "/localhost_4608"
		Debug.AspNetCompiler.PhysicalPath = "PhoneForms\"
		Debug.AspNetCompiler.TargetPath = "PrecompiledWeb\localhost_4608\"
		Debug.AspNetCompiler.Updateable = "true"
		Debug.AspNetCompiler.ForceOverwrite = "true"
		Debug.AspNetCompiler.FixedNames = "false"
		Debug.AspNetCompiler.Debug = "True"
		Release.AspNetCompiler.VirtualPath = "/localhost_4608"
		Release.AspNetCompiler.PhysicalPath = "PhoneForms\"
		Release.AspNetCompiler.TargetPath = "PrecompiledWeb\localhost_4608\"
		Release.AspNetCompiler.Updateable = "true"
		Release.AspNetCompiler.ForceOverwrite = "true"
		Release.AspNetCompiler.FixedNames = "false"
		Release.AspNetCompiler.Debug = "False"
		VWDPort = "4608"
		SlnRelativePath = "PhoneForms\"
		DefaultWebSiteLanguage = "Visual C#"
	EndProjectSection
EndProject
Global
	GlobalSection(SolutionConfigurationPlatforms) = preSolution
		Debug|Any CPU = Debug|Any CPU
		Release|Any CPU = Release|Any CPU
	EndGlobalSection
	GlobalSection(ProjectConfigurationPlatforms) = postSolution
		{F11EE6F6-C1B4-4E4E-A29F-9446A75F6D11}.Debug|Any CPU.ActiveCfg = Debug|Any CPU
		{F11EE6F6-C1B4-4E4E-A29F-9446A75F6D11}.Debug|Any CPU.Build.0 = Debug|Any CPU
		{F11EE6F6-C1B4-4E4E-A29F-9446A75F6D11}.Release|Any CPU.ActiveCfg = Release|Any CPU
		{F11EE6F6-C1B4-4E4E-A29F-9446A75F6D11}.Release|Any CPU.Build.0 = Release|Any CPU
		{7038DAF1-E588-4319-9282-7AB7F7ED31E1}.Debug|Any CPU.ActiveCfg = Debug|Any CPU
		{7038DAF1-E588-4319-9282-7AB7F7ED31E1}.Debug|Any CPU.Build.0 = Debug|Any CPU
		{7038DAF1-E588-4319-9282-7AB7F7ED31E1}.Release|Any CPU.ActiveCfg = Release|Any CPU
		{7038DAF1-E588-4319-9282-7AB7F7ED31E1}.Release|Any CPU.Build.0 = Release|Any CPU
		{57EE4CCB-F495-4E8D-B4EF-34053C5D2864}.Debug|Any CPU.ActiveCfg = Debug|Any CPU
		{57EE4CCB-F495-4E8D-B4EF-34053C5D2864}.Debug|Any CPU.Build.0 = Debug|Any CPU
		{57EE4CCB-F495-4E8D-B4EF-34053C5D2864}.Release|Any CPU.ActiveCfg = Release|Any CPU
		{57EE4CCB-F495-4E8D-B4EF-34053C5D2864}.Release|Any CPU.Build.0 = Release|Any CPU
		{41628DCF-4714-4C12-AC95-7EF07DE35006}.Debug|Any CPU.ActiveCfg = Debug|Any CPU
		{41628DCF-4714-4C12-AC95-7EF07DE35006}.Debug|Any CPU.Build.0 = Debug|Any CPU
		{41628DCF-4714-4C12-AC95-7EF07DE35006}.Release|Any CPU.ActiveCfg = Release|Any CPU
		{41628DCF-4714-4C12-AC95-7EF07DE35006}.Release|Any CPU.Build.0 = Release|Any CPU
		{2A490147-B62C-4366-AC09-EC8DD54A8FCF}.Debug|Any CPU.ActiveCfg = Debug|Any CPU
		{2A490147-B62C-4366-AC09-EC8DD54A8FCF}.Debug|Any CPU.Build.0 = Debug|Any CPU
		{2A490147-B62C-4366-AC09-EC8DD54A8FCF}.Release|Any CPU.ActiveCfg = Debug|Any CPU
		{2A490147-B62C-4366-AC09-EC8DD54A8FCF}.Release|Any CPU.Build.0 = Debug|Any CPU
	EndGlobalSection
	GlobalSection(SolutionProperties) = preSolution
		HideSolutionNode = FALSE
	EndGlobalSection
	GlobalSection(ExtensibilityGlobals) = postSolution
		SolutionGuid = {B3EA7DB3-0D10-42A7-BB29-5FF707ED158C}
	EndGlobalSection
EndGlobal
